// !$*UTF8*$!
{
	archiveVersion = 1;
	classes = {
	};
	objectVersion = 55;
	objects = {

/* Begin PBXBuildFile section */
		EEF6A5D028D2603A00BB0019 /* AppDelegate.swift in Sources */ = {isa = PBXBuildFile; fileRef = EEF6A5CF28D2603A00BB0019 /* AppDelegate.swift */; };
		EEF6A5D228D2603A00BB0019 /* SceneDelegate.swift in Sources */ = {isa = PBXBuildFile; fileRef = EEF6A5D128D2603A00BB0019 /* SceneDelegate.swift */; };
		EEF6A5D428D2603A00BB0019 /* ViewController.swift in Sources */ = {isa = PBXBuildFile; fileRef = EEF6A5D328D2603A00BB0019 /* ViewController.swift */; };
		EEF6A5D728D2603A00BB0019 /* Main.storyboard in Resources */ = {isa = PBXBuildFile; fileRef = EEF6A5D528D2603A00BB0019 /* Main.storyboard */; };
		EEF6A5D928D2603B00BB0019 /* Assets.xcassets in Resources */ = {isa = PBXBuildFile; fileRef = EEF6A5D828D2603B00BB0019 /* Assets.xcassets */; };
		EEF6A5DC28D2603B00BB0019 /* LaunchScreen.storyboard in Resources */ = {isa = PBXBuildFile; fileRef = EEF6A5DA28D2603B00BB0019 /* LaunchScreen.storyboard */; };
		EEF6A5E628D3C38500BB0019 /* CalculatorViewController.swift in Sources */ = {isa = PBXBuildFile; fileRef = EEF6A5E528D3C38500BB0019 /* CalculatorViewController.swift */; };
		EEF6A5E828D4199300BB0019 /* SegmentedViewController.swift in Sources */ = {isa = PBXBuildFile; fileRef = EEF6A5E728D4199300BB0019 /* SegmentedViewController.swift */; };
		EEF6A5EA28D41DA500BB0019 /* ImageView.swift in Sources */ = {isa = PBXBuildFile; fileRef = EEF6A5E928D41DA500BB0019 /* ImageView.swift */; };
		EEF6A5EC28D423C100BB0019 /* TimerViewController.swift in Sources */ = {isa = PBXBuildFile; fileRef = EEF6A5EB28D423C100BB0019 /* TimerViewController.swift */; };
		EEF6A5EE28D4280700BB0019 /* MyTableViewController.swift in Sources */ = {isa = PBXBuildFile; fileRef = EEF6A5ED28D4280700BB0019 /* MyTableViewController.swift */; };
		EEF6A5F428D4299500BB0019 /* ImageModel.m in Sources */ = {isa = PBXBuildFile; fileRef = EEF6A5F328D4299500BB0019 /* ImageModel.m */; };
		EEF6A5FA28D42D5900BB0019 /* PictureViewController.swift in Sources */ = {isa = PBXBuildFile; fileRef = EEF6A5F928D42D5900BB0019 /* PictureViewController.swift */; };
		EEF6A5FC28D42F9C00BB0019 /* CollectionViewController.swift in Sources */ = {isa = PBXBuildFile; fileRef = EEF6A5FB28D42F9C00BB0019 /* CollectionViewController.swift */; };
		EEF6A5FE28D4307800BB0019 /* CollectionViewCell.swift in Sources */ = {isa = PBXBuildFile; fileRef = EEF6A5FD28D4307800BB0019 /* CollectionViewCell.swift */; };
/* End PBXBuildFile section */

/* Begin PBXFileReference section */
		EEF6A5CC28D2603A00BB0019 /* terribleApp.app */ = {isa = PBXFileReference; explicitFileType = wrapper.application; includeInIndex = 0; path = terribleApp.app; sourceTree = BUILT_PRODUCTS_DIR; };
		EEF6A5CF28D2603A00BB0019 /* AppDelegate.swift */ = {isa = PBXFileReference; lastKnownFileType = sourcecode.swift; path = AppDelegate.swift; sourceTree = "<group>"; };
		EEF6A5D128D2603A00BB0019 /* SceneDelegate.swift */ = {isa = PBXFileReference; lastKnownFileType = sourcecode.swift; path = SceneDelegate.swift; sourceTree = "<group>"; };
		EEF6A5D328D2603A00BB0019 /* ViewController.swift */ = {isa = PBXFileReference; lastKnownFileType = sourcecode.swift; path = ViewController.swift; sourceTree = "<group>"; };
		EEF6A5D628D2603A00BB0019 /* Base */ = {isa = PBXFileReference; lastKnownFileType = file.storyboard; name = Base; path = Base.lproj/Main.storyboard; sourceTree = "<group>"; };
		EEF6A5D828D2603B00BB0019 /* Assets.xcassets */ = {isa = PBXFileReference; lastKnownFileType = folder.assetcatalog; path = Assets.xcassets; sourceTree = "<group>"; };
		EEF6A5DB28D2603B00BB0019 /* Base */ = {isa = PBXFileReference; lastKnownFileType = file.storyboard; name = Base; path = Base.lproj/LaunchScreen.storyboard; sourceTree = "<group>"; };
		EEF6A5DD28D2603B00BB0019 /* Info.plist */ = {isa = PBXFileReference; lastKnownFileType = text.plist.xml; path = Info.plist; sourceTree = "<group>"; };
		EEF6A5E528D3C38500BB0019 /* CalculatorViewController.swift */ = {isa = PBXFileReference; lastKnownFileType = sourcecode.swift; path = CalculatorViewController.swift; sourceTree = "<group>"; };
		EEF6A5E728D4199300BB0019 /* SegmentedViewController.swift */ = {isa = PBXFileReference; lastKnownFileType = sourcecode.swift; path = SegmentedViewController.swift; sourceTree = "<group>"; };
		EEF6A5E928D41DA500BB0019 /* ImageView.swift */ = {isa = PBXFileReference; lastKnownFileType = sourcecode.swift; path = ImageView.swift; sourceTree = "<group>"; };
		EEF6A5EB28D423C100BB0019 /* TimerViewController.swift */ = {isa = PBXFileReference; lastKnownFileType = sourcecode.swift; path = TimerViewController.swift; sourceTree = "<group>"; };
		EEF6A5ED28D4280700BB0019 /* MyTableViewController.swift */ = {isa = PBXFileReference; lastKnownFileType = sourcecode.swift; path = MyTableViewController.swift; sourceTree = "<group>"; };
		EEF6A5F328D4299500BB0019 /* ImageModel.m */ = {isa = PBXFileReference; lastKnownFileType = sourcecode.c.objc; path = ImageModel.m; sourceTree = "<group>"; };
		EEF6A5F528D429BF00BB0019 /* ImageModel.h */ = {isa = PBXFileReference; lastKnownFileType = sourcecode.c.h; path = ImageModel.h; sourceTree = "<group>"; };
		EEF6A5F828D42B8C00BB0019 /* terribleApp-Bridging-Header.h */ = {isa = PBXFileReference; lastKnownFileType = sourcecode.c.h; path = "terribleApp-Bridging-Header.h"; sourceTree = "<group>"; };
		EEF6A5F928D42D5900BB0019 /* PictureViewController.swift */ = {isa = PBXFileReference; lastKnownFileType = sourcecode.swift; path = PictureViewController.swift; sourceTree = "<group>"; };
		EEF6A5FB28D42F9C00BB0019 /* CollectionViewController.swift */ = {isa = PBXFileReference; lastKnownFileType = sourcecode.swift; path = CollectionViewController.swift; sourceTree = "<group>"; };
		EEF6A5FD28D4307800BB0019 /* CollectionViewCell.swift */ = {isa = PBXFileReference; lastKnownFileType = sourcecode.swift; path = CollectionViewCell.swift; sourceTree = "<group>"; };
/* End PBXFileReference section */

/* Begin PBXFrameworksBuildPhase section */
		EEF6A5C928D2603A00BB0019 /* Frameworks */ = {
			isa = PBXFrameworksBuildPhase;
			buildActionMask = 2147483647;
			files = (
			);
			runOnlyForDeploymentPostprocessing = 0;
		};
/* End PBXFrameworksBuildPhase section */

/* Begin PBXGroup section */
		EEF6A5C328D2603A00BB0019 = {
			isa = PBXGroup;
			children = (
				EEF6A5CE28D2603A00BB0019 /* terribleApp */,
				EEF6A5CD28D2603A00BB0019 /* Products */,
			);
			sourceTree = "<group>";
		};
		EEF6A5CD28D2603A00BB0019 /* Products */ = {
			isa = PBXGroup;
			children = (
				EEF6A5CC28D2603A00BB0019 /* terribleApp.app */,
			);
			name = Products;
			sourceTree = "<group>";
		};
		EEF6A5CE28D2603A00BB0019 /* terribleApp */ = {
			isa = PBXGroup;
			children = (
				EEF6A5CF28D2603A00BB0019 /* AppDelegate.swift */,
				EEF6A5E728D4199300BB0019 /* SegmentedViewController.swift */,
				EEF6A5D128D2603A00BB0019 /* SceneDelegate.swift */,
				EEF6A5D328D2603A00BB0019 /* ViewController.swift */,
				EEF6A5F928D42D5900BB0019 /* PictureViewController.swift */,
				EEF6A5FB28D42F9C00BB0019 /* CollectionViewController.swift */,
				EEF6A5FD28D4307800BB0019 /* CollectionViewCell.swift */,
				EEF6A5D528D2603A00BB0019 /* Main.storyboard */,
				EEF6A5ED28D4280700BB0019 /* MyTableViewController.swift */,
				EEF6A5F328D4299500BB0019 /* ImageModel.m */,
				EEF6A5F528D429BF00BB0019 /* ImageModel.h */,
				EEF6A5EB28D423C100BB0019 /* TimerViewController.swift */,
				EEF6A5E928D41DA500BB0019 /* ImageView.swift */,
				EEF6A5E528D3C38500BB0019 /* CalculatorViewController.swift */,
				EEF6A5D828D2603B00BB0019 /* Assets.xcassets */,
				EEF6A5DA28D2603B00BB0019 /* LaunchScreen.storyboard */,
				EEF6A5F828D42B8C00BB0019 /* terribleApp-Bridging-Header.h */,
				EEF6A5DD28D2603B00BB0019 /* Info.plist */,
			);
			path = terribleApp;
			sourceTree = "<group>";
		};
/* End PBXGroup section */

/* Begin PBXNativeTarget section */
		EEF6A5CB28D2603A00BB0019 /* terribleApp */ = {
			isa = PBXNativeTarget;
			buildConfigurationList = EEF6A5E028D2603B00BB0019 /* Build configuration list for PBXNativeTarget "terribleApp" */;
			buildPhases = (
				EEF6A5C828D2603A00BB0019 /* Sources */,
				EEF6A5C928D2603A00BB0019 /* Frameworks */,
				EEF6A5CA28D2603A00BB0019 /* Resources */,
			);
			buildRules = (
			);
			dependencies = (
			);
			name = terribleApp;
			productName = terribleApp;
			productReference = EEF6A5CC28D2603A00BB0019 /* terribleApp.app */;
			productType = "com.apple.product-type.application";
		};
/* End PBXNativeTarget section */

/* Begin PBXProject section */
		EEF6A5C428D2603A00BB0019 /* Project object */ = {
			isa = PBXProject;
			attributes = {
				BuildIndependentTargetsInParallel = 1;
				LastSwiftUpdateCheck = 1340;
				LastUpgradeCheck = 1340;
				TargetAttributes = {
					EEF6A5CB28D2603A00BB0019 = {
						CreatedOnToolsVersion = 13.4.1;
						LastSwiftMigration = 1340;
					};
				};
			};
			buildConfigurationList = EEF6A5C728D2603A00BB0019 /* Build configuration list for PBXProject "terribleApp" */;
			compatibilityVersion = "Xcode 13.0";
			developmentRegion = en;
			hasScannedForEncodings = 0;
			knownRegions = (
				en,
				Base,
			);
			mainGroup = EEF6A5C328D2603A00BB0019;
			productRefGroup = EEF6A5CD28D2603A00BB0019 /* Products */;
			projectDirPath = "";
			projectRoot = "";
			targets = (
				EEF6A5CB28D2603A00BB0019 /* terribleApp */,
			);
		};
/* End PBXProject section */

/* Begin PBXResourcesBuildPhase section */
		EEF6A5CA28D2603A00BB0019 /* Resources */ = {
			isa = PBXResourcesBuildPhase;
			buildActionMask = 2147483647;
			files = (
				EEF6A5DC28D2603B00BB0019 /* LaunchScreen.storyboard in Resources */,
				EEF6A5D928D2603B00BB0019 /* Assets.xcassets in Resources */,
				EEF6A5D728D2603A00BB0019 /* Main.storyboard in Resources */,
			);
			runOnlyForDeploymentPostprocessing = 0;
		};
/* End PBXResourcesBuildPhase section */

/* Begin PBXSourcesBuildPhase section */
		EEF6A5C828D2603A00BB0019 /* Sources */ = {
			isa = PBXSourcesBuildPhase;
			buildActionMask = 2147483647;
			files = (
				EEF6A5EA28D41DA500BB0019 /* ImageView.swift in Sources */,
				EEF6A5E628D3C38500BB0019 /* CalculatorViewController.swift in Sources */,
				EEF6A5FE28D4307800BB0019 /* CollectionViewCell.swift in Sources */,
				EEF6A5D428D2603A00BB0019 /* ViewController.swift in Sources */,
				EEF6A5F428D4299500BB0019 /* ImageModel.m in Sources */,
				EEF6A5EE28D4280700BB0019 /* MyTableViewController.swift in Sources */,
				EEF6A5EC28D423C100BB0019 /* TimerViewController.swift in Sources */,
				EEF6A5E828D4199300BB0019 /* SegmentedViewController.swift in Sources */,
				EEF6A5D028D2603A00BB0019 /* AppDelegate.swift in Sources */,
				EEF6A5D228D2603A00BB0019 /* SceneDelegate.swift in Sources */,
				EEF6A5FA28D42D5900BB0019 /* PictureViewController.swift in Sources */,
				EEF6A5FC28D42F9C00BB0019 /* CollectionViewController.swift in Sources */,
			);
			runOnlyForDeploymentPostprocessing = 0;
		};
/* End PBXSourcesBuildPhase section */

/* Begin PBXVariantGroup section */
		EEF6A5D528D2603A00BB0019 /* Main.storyboard */ = {
			isa = PBXVariantGroup;
			children = (
				EEF6A5D628D2603A00BB0019 /* Base */,
			);
			name = Main.storyboard;
			sourceTree = "<group>";
		};
		EEF6A5DA28D2603B00BB0019 /* LaunchScreen.storyboard */ = {
			isa = PBXVariantGroup;
			children = (
				EEF6A5DB28D2603B00BB0019 /* Base */,
			);
			name = LaunchScreen.storyboard;
			sourceTree = "<group>";
		};
/* End PBXVariantGroup section */

/* Begin XCBuildConfiguration section */
		EEF6A5DE28D2603B00BB0019 /* Debug */ = {
			isa = XCBuildConfiguration;
			buildSettings = {
				ALWAYS_SEARCH_USER_PATHS = NO;
				CLANG_ANALYZER_NONNULL = YES;
				CLANG_ANALYZER_NUMBER_OBJECT_CONVERSION = YES_AGGRESSIVE;
				CLANG_CXX_LANGUAGE_STANDARD = "gnu++17";
				CLANG_ENABLE_MODULES = YES;
				CLANG_ENABLE_OBJC_ARC = YES;
				CLANG_ENABLE_OBJC_WEAK = YES;
				CLANG_WARN_BLOCK_CAPTURE_AUTORELEASING = YES;
				CLANG_WARN_BOOL_CONVERSION = YES;
				CLANG_WARN_COMMA = YES;
				CLANG_WARN_CONSTANT_CONVERSION = YES;
				CLANG_WARN_DEPRECATED_OBJC_IMPLEMENTATIONS = YES;
				CLANG_WARN_DIRECT_OBJC_ISA_USAGE = YES_ERROR;
				CLANG_WARN_DOCUMENTATION_COMMENTS = YES;
				CLANG_WARN_EMPTY_BODY = YES;
				CLANG_WARN_ENUM_CONVERSION = YES;
				CLANG_WARN_INFINITE_RECURSION = YES;
				CLANG_WARN_INT_CONVERSION = YES;
				CLANG_WARN_NON_LITERAL_NULL_CONVERSION = YES;
				CLANG_WARN_OBJC_IMPLICIT_RETAIN_SELF = YES;
				CLANG_WARN_OBJC_LITERAL_CONVERSION = YES;
				CLANG_WARN_OBJC_ROOT_CLASS = YES_ERROR;
				CLANG_WARN_QUOTED_INCLUDE_IN_FRAMEWORK_HEADER = YES;
				CLANG_WARN_RANGE_LOOP_ANALYSIS = YES;
				CLANG_WARN_STRICT_PROTOTYPES = YES;
				CLANG_WARN_SUSPICIOUS_MOVE = YES;
				CLANG_WARN_UNGUARDED_AVAILABILITY = YES_AGGRESSIVE;
				CLANG_WARN_UNREACHABLE_CODE = YES;
				CLANG_WARN__DUPLICATE_METHOD_MATCH = YES;
				COPY_PHASE_STRIP = NO;
				DEBUG_INFORMATION_FORMAT = dwarf;
				ENABLE_STRICT_OBJC_MSGSEND = YES;
				ENABLE_TESTABILITY = YES;
				GCC_C_LANGUAGE_STANDARD = gnu11;
				GCC_DYNAMIC_NO_PIC = NO;
				GCC_NO_COMMON_BLOCKS = YES;
				GCC_OPTIMIZATION_LEVEL = 0;
				GCC_PREPROCESSOR_DEFINITIONS = (
					"DEBUG=1",
					"$(inherited)",
				);
				GCC_WARN_64_TO_32_BIT_CONVERSION = YES;
				GCC_WARN_ABOUT_RETURN_TYPE = YES_ERROR;
				GCC_WARN_UNDECLARED_SELECTOR = YES;
				GCC_WARN_UNINITIALIZED_AUTOS = YES_AGGRESSIVE;
				GCC_WARN_UNUSED_FUNCTION = YES;
				GCC_WARN_UNUSED_VARIABLE = YES;
				IPHONEOS_DEPLOYMENT_TARGET = 15.5;
				MTL_ENABLE_DEBUG_INFO = INCLUDE_SOURCE;
				MTL_FAST_MATH = YES;
				ONLY_ACTIVE_ARCH = YES;
				SDKROOT = iphoneos;
				SWIFT_ACTIVE_COMPILATION_CONDITIONS = DEBUG;
				SWIFT_OPTIMIZATION_LEVEL = "-Onone";
			};
			name = Debug;
		};
		EEF6A5DF28D2603B00BB0019 /* Release */ = {
			isa = XCBuildConfiguration;
			buildSettings = {
				ALWAYS_SEARCH_USER_PATHS = NO;
				CLANG_ANALYZER_NONNULL = YES;
				CLANG_ANALYZER_NUMBER_OBJECT_CONVERSION = YES_AGGRESSIVE;
				CLANG_CXX_LANGUAGE_STANDARD = "gnu++17";
				CLANG_ENABLE_MODULES = YES;
				CLANG_ENABLE_OBJC_ARC = YES;
				CLANG_ENABLE_OBJC_WEAK = YES;
				CLANG_WARN_BLOCK_CAPTURE_AUTORELEASING = YES;
				CLANG_WARN_BOOL_CONVERSION = YES;
				CLANG_WARN_COMMA = YES;
				CLANG_WARN_CONSTANT_CONVERSION = YES;
				CLANG_WARN_DEPRECATED_OBJC_IMPLEMENTATIONS = YES;
				CLANG_WARN_DIRECT_OBJC_ISA_USAGE = YES_ERROR;
				CLANG_WARN_DOCUMENTATION_COMMENTS = YES;
				CLANG_WARN_EMPTY_BODY = YES;
				CLANG_WARN_ENUM_CONVERSION = YES;
				CLANG_WARN_INFINITE_RECURSION = YES;
				CLANG_WARN_INT_CONVERSION = YES;
				CLANG_WARN_NON_LITERAL_NULL_CONVERSION = YES;
				CLANG_WARN_OBJC_IMPLICIT_RETAIN_SELF = YES;
				CLANG_WARN_OBJC_LITERAL_CONVERSION = YES;
				CLANG_WARN_OBJC_ROOT_CLASS = YES_ERROR;
				CLANG_WARN_QUOTED_INCLUDE_IN_FRAMEWORK_HEADER = YES;
				CLANG_WARN_RANGE_LOOP_ANALYSIS = YES;
				CLANG_WARN_STRICT_PROTOTYPES = YES;
				CLANG_WARN_SUSPICIOUS_MOVE = YES;
				CLANG_WARN_UNGUARDED_AVAILABILITY = YES_AGGRESSIVE;
				CLANG_WARN_UNREACHABLE_CODE = YES;
				CLANG_WARN__DUPLICATE_METHOD_MATCH = YES;
				COPY_PHASE_STRIP = NO;
				DEBUG_INFORMATION_FORMAT = "dwarf-with-dsym";
				ENABLE_NS_ASSERTIONS = NO;
				ENABLE_STRICT_OBJC_MSGSEND = YES;
				GCC_C_LANGUAGE_STANDARD = gnu11;
				GCC_NO_COMMON_BLOCKS = YES;
				GCC_WARN_64_TO_32_BIT_CONVERSION = YES;
				GCC_WARN_ABOUT_RETURN_TYPE = YES_ERROR;
				GCC_WARN_UNDECLARED_SELECTOR = YES;
				GCC_WARN_UNINITIALIZED_AUTOS = YES_AGGRESSIVE;
				GCC_WARN_UNUSED_FUNCTION = YES;
				GCC_WARN_UNUSED_VARIABLE = YES;
				IPHONEOS_DEPLOYMENT_TARGET = 15.5;
				MTL_ENABLE_DEBUG_INFO = NO;
				MTL_FAST_MATH = YES;
				SDKROOT = iphoneos;
				SWIFT_COMPILATION_MODE = wholemodule;
				SWIFT_OPTIMIZATION_LEVEL = "-O";
				VALIDATE_PRODUCT = YES;
			};
			name = Release;
		};
		EEF6A5E128D2603B00BB0019 /* Debug */ = {
			isa = XCBuildConfiguration;
			buildSettings = {
				ASSETCATALOG_COMPILER_APPICON_NAME = AppIcon;
				ASSETCATALOG_COMPILER_GLOBAL_ACCENT_COLOR_NAME = AccentColor;
				CLANG_ENABLE_MODULES = YES;
				CODE_SIGN_STYLE = Automatic;
				CURRENT_PROJECT_VERSION = 1;
				DEVELOPMENT_TEAM = U92N5AUKTN;
				GENERATE_INFOPLIST_FILE = YES;
				INFOPLIST_FILE = terribleApp/Info.plist;
				INFOPLIST_KEY_UIApplicationSupportsIndirectInputEvents = YES;
				INFOPLIST_KEY_UILaunchStoryboardName = LaunchScreen;
				INFOPLIST_KEY_UIMainStoryboardFile = Main;
				INFOPLIST_KEY_UISupportedInterfaceOrientations_iPad = "UIInterfaceOrientationPortrait UIInterfaceOrientationPortraitUpsideDown UIInterfaceOrientationLandscapeLeft UIInterfaceOrientationLandscapeRight";
				INFOPLIST_KEY_UISupportedInterfaceOrientations_iPhone = "UIInterfaceOrientationPortrait UIInterfaceOrientationLandscapeLeft UIInterfaceOrientationLandscapeRight";
				LD_RUNPATH_SEARCH_PATHS = (
					"$(inherited)",
					"@executable_path/Frameworks",
				);
				MARKETING_VERSION = 1.0;
				PRODUCT_BUNDLE_IDENTIFIER = com.christian.terribleApp;
				PRODUCT_NAME = "$(TARGET_NAME)";
				SWIFT_EMIT_LOC_STRINGS = YES;
				SWIFT_OBJC_BRIDGING_HEADER = "terribleApp/terribleApp-Bridging-Header.h";
				SWIFT_OPTIMIZATION_LEVEL = "-Onone";
				SWIFT_VERSION = 5.0;
				TARGETED_DEVICE_FAMILY = "1,2";
			};
			name = Debug;
		};
		EEF6A5E228D2603B00BB0019 /* Release */ = {
			isa = XCBuildConfiguration;
			buildSettings = {
				ASSETCATALOG_COMPILER_APPICON_NAME = AppIcon;
				ASSETCATALOG_COMPILER_GLOBAL_ACCENT_COLOR_NAME = AccentColor;
				CLANG_ENABLE_MODULES = YES;
				CODE_SIGN_STYLE = Automatic;
				CURRENT_PROJECT_VERSION = 1;
				DEVELOPMENT_TEAM = U92N5AUKTN;
				GENERATE_INFOPLIST_FILE = YES;
				INFOPLIST_FILE = terribleApp/Info.plist;
				INFOPLIST_KEY_UIApplicationSupportsIndirectInputEvents = YES;
				INFOPLIST_KEY_UILaunchStoryboardName = LaunchScreen;
				INFOPLIST_KEY_UIMainStoryboardFile = Main;
				INFOPLIST_KEY_UISupportedInterfaceOrientations_iPad = "UIInterfaceOrientationPortrait UIInterfaceOrientationPortraitUpsideDown UIInterfaceOrientationLandscapeLeft UIInterfaceOrientationLandscapeRight";
				INFOPLIST_KEY_UISupportedInterfaceOrientations_iPhone = "UIInterfaceOrientationPortrait UIInterfaceOrientationLandscapeLeft UIInterfaceOrientationLandscapeRight";
				LD_RUNPATH_SEARCH_PATHS = (
					"$(inherited)",
					"@executable_path/Frameworks",
				);
				MARKETING_VERSION = 1.0;
				PRODUCT_BUNDLE_IDENTIFIER = com.christian.terribleApp;
				PRODUCT_NAME = "$(TARGET_NAME)";
				SWIFT_EMIT_LOC_STRINGS = YES;
				SWIFT_OBJC_BRIDGING_HEADER = "terribleApp/terribleApp-Bridging-Header.h";
				SWIFT_VERSION = 5.0;
				TARGETED_DEVICE_FAMILY = "1,2";
			};
			name = Release;
		};
/* End XCBuildConfiguration section */

/* Begin XCConfigurationList section */
		EEF6A5C728D2603A00BB0019 /* Build configuration list for PBXProject "terribleApp" */ = {
			isa = XCConfigurationList;
			buildConfigurations = (
				EEF6A5DE28D2603B00BB0019 /* Debug */,
				EEF6A5DF28D2603B00BB0019 /* Release */,
			);
			defaultConfigurationIsVisible = 0;
			defaultConfigurationName = Release;
		};
		EEF6A5E028D2603B00BB0019 /* Build configuration list for PBXNativeTarget "terribleApp" */ = {
			isa = XCConfigurationList;
			buildConfigurations = (
				EEF6A5E128D2603B00BB0019 /* Debug */,
				EEF6A5E228D2603B00BB0019 /* Release */,
			);
			defaultConfigurationIsVisible = 0;
			defaultConfigurationName = Release;
		};
/* End XCConfigurationList section */
	};
	rootObject = EEF6A5C428D2603A00BB0019 /* Project object */;
}
